
Microsoft Visual Studio Solution File, Format Version 12.00
# Visual Studio Version 17
VisualStudioVersion = 17.3.32929.385
MinimumVisualStudioVersion = 10.0.40219.1
Project("{FAE04EC0-301F-11D3-BF4B-00C04F79EFBC}") = "Management", "Management\Management.csproj", "{4090834D-2F3F-4894-8B62-B18C7D2B1AA3}"
EndProject
Global
	GlobalSection(SolutionConfigurationPlatforms) = preSolution
		Debug|Any CPU = Debug|Any CPU
		Release|Any CPU = Release|Any CPU
	EndGlobalSection
	GlobalSection(ProjectConfigurationPlatforms) = postSolution
		{4090834D-2F3F-4894-8B62-B18C7D2B1AA3}.Debug|Any CPU.ActiveCfg = Debug|Any CPU
		{4090834D-2F3F-4894-8B62-B18C7D2B1AA3}.Debug|Any CPU.Build.0 = Debug|Any CPU
		{4090834D-2F3F-4894-8B62-B18C7D2B1AA3}.Release|Any CPU.ActiveCfg = Release|Any CPU
		{4090834D-2F3F-4894-8B62-B18C7D2B1AA3}.Release|Any CPU.Build.0 = Release|Any CPU
	EndGlobalSection
	GlobalSection(SolutionProperties) = preSolution
		HideSolutionNode = FALSE
	EndGlobalSection
	GlobalSection(ExtensibilityGlobals) = postSolution
		SolutionGuid = {D538937B-A03F-40A2-B39B-32A2D18AE201}
	EndGlobalSection
EndGlobal
