
Microsoft Visual Studio Solution File, Format Version 12.00
# Visual Studio Version 17
VisualStudioVersion = 17.3.32929.385
MinimumVisualStudioVersion = 10.0.40219.1
Project("{FAE04EC0-301F-11D3-BF4B-00C04F79EFBC}") = "Inheritance", "Inheritance\Inheritance.csproj", "{D7A005E1-D045-46BD-BBC5-2296A58BC44B}"
EndProject
Global
	GlobalSection(SolutionConfigurationPlatforms) = preSolution
		Debug|Any CPU = Debug|Any CPU
		Release|Any CPU = Release|Any CPU
	EndGlobalSection
	GlobalSection(ProjectConfigurationPlatforms) = postSolution
		{D7A005E1-D045-46BD-BBC5-2296A58BC44B}.Debug|Any CPU.ActiveCfg = Debug|Any CPU
		{D7A005E1-D045-46BD-BBC5-2296A58BC44B}.Debug|Any CPU.Build.0 = Debug|Any CPU
		{D7A005E1-D045-46BD-BBC5-2296A58BC44B}.Release|Any CPU.ActiveCfg = Release|Any CPU
		{D7A005E1-D045-46BD-BBC5-2296A58BC44B}.Release|Any CPU.Build.0 = Release|Any CPU
	EndGlobalSection
	GlobalSection(SolutionProperties) = preSolution
		HideSolutionNode = FALSE
	EndGlobalSection
	GlobalSection(ExtensibilityGlobals) = postSolution
		SolutionGuid = {449BE43E-B3BE-4558-AE6A-EFA45E8FE3D8}
	EndGlobalSection
EndGlobal
