
Microsoft Visual Studio Solution File, Format Version 12.00
# Visual Studio Version 17
VisualStudioVersion = 17.4.33110.190
MinimumVisualStudioVersion = 10.0.40219.1
Project("{FAE04EC0-301F-11D3-BF4B-00C04F79EFBC}") = "WindowsFormsAppA", "WindowsFormsAppA\WindowsFormsAppA.csproj", "{4F2DA608-3E90-4BA8-806A-2F8D94483B9D}"
EndProject
Global
	GlobalSection(SolutionConfigurationPlatforms) = preSolution
		Debug|Any CPU = Debug|Any CPU
		Release|Any CPU = Release|Any CPU
	EndGlobalSection
	GlobalSection(ProjectConfigurationPlatforms) = postSolution
		{4F2DA608-3E90-4BA8-806A-2F8D94483B9D}.Debug|Any CPU.ActiveCfg = Debug|Any CPU
		{4F2DA608-3E90-4BA8-806A-2F8D94483B9D}.Debug|Any CPU.Build.0 = Debug|Any CPU
		{4F2DA608-3E90-4BA8-806A-2F8D94483B9D}.Release|Any CPU.ActiveCfg = Release|Any CPU
		{4F2DA608-3E90-4BA8-806A-2F8D94483B9D}.Release|Any CPU.Build.0 = Release|Any CPU
	EndGlobalSection
	GlobalSection(SolutionProperties) = preSolution
		HideSolutionNode = FALSE
	EndGlobalSection
	GlobalSection(ExtensibilityGlobals) = postSolution
		SolutionGuid = {B61432CC-4C03-42B4-AF32-2779A89CBA45}
	EndGlobalSection
EndGlobal
