
Microsoft Visual Studio Solution File, Format Version 12.00
# Visual Studio Version 17
VisualStudioVersion = 17.4.33110.190
MinimumVisualStudioVersion = 10.0.40219.1
Project("{FAE04EC0-301F-11D3-BF4B-00C04F79EFBC}") = "Informataion", "Informataion\Informataion.csproj", "{D55AE56D-4E1C-4D7E-A0A2-58942A2392F7}"
EndProject
Global
	GlobalSection(SolutionConfigurationPlatforms) = preSolution
		Debug|Any CPU = Debug|Any CPU
		Release|Any CPU = Release|Any CPU
	EndGlobalSection
	GlobalSection(ProjectConfigurationPlatforms) = postSolution
		{D55AE56D-4E1C-4D7E-A0A2-58942A2392F7}.Debug|Any CPU.ActiveCfg = Debug|Any CPU
		{D55AE56D-4E1C-4D7E-A0A2-58942A2392F7}.Debug|Any CPU.Build.0 = Debug|Any CPU
		{D55AE56D-4E1C-4D7E-A0A2-58942A2392F7}.Release|Any CPU.ActiveCfg = Release|Any CPU
		{D55AE56D-4E1C-4D7E-A0A2-58942A2392F7}.Release|Any CPU.Build.0 = Release|Any CPU
	EndGlobalSection
	GlobalSection(SolutionProperties) = preSolution
		HideSolutionNode = FALSE
	EndGlobalSection
	GlobalSection(ExtensibilityGlobals) = postSolution
		SolutionGuid = {B9F33980-6EA5-4599-81D3-A9BC0A86245B}
	EndGlobalSection
EndGlobal
