
Microsoft Visual Studio Solution File, Format Version 12.00
# Visual Studio Version 17
VisualStudioVersion = 17.3.32825.248
MinimumVisualStudioVersion = 10.0.40219.1
Project("{FAE04EC0-301F-11D3-BF4B-00C04F79EFBC}") = "Start", "Start\Start.csproj", "{59F327B6-16A3-4BF5-982A-444133132960}"
EndProject
Global
	GlobalSection(SolutionConfigurationPlatforms) = preSolution
		Debug|Any CPU = Debug|Any CPU
		Release|Any CPU = Release|Any CPU
	EndGlobalSection
	GlobalSection(ProjectConfigurationPlatforms) = postSolution
		{59F327B6-16A3-4BF5-982A-444133132960}.Debug|Any CPU.ActiveCfg = Debug|Any CPU
		{59F327B6-16A3-4BF5-982A-444133132960}.Debug|Any CPU.Build.0 = Debug|Any CPU
		{59F327B6-16A3-4BF5-982A-444133132960}.Release|Any CPU.ActiveCfg = Release|Any CPU
		{59F327B6-16A3-4BF5-982A-444133132960}.Release|Any CPU.Build.0 = Release|Any CPU
	EndGlobalSection
	GlobalSection(SolutionProperties) = preSolution
		HideSolutionNode = FALSE
	EndGlobalSection
	GlobalSection(ExtensibilityGlobals) = postSolution
		SolutionGuid = {48DBC28A-8F42-4F4E-A17C-5EB662915BD1}
	EndGlobalSection
EndGlobal
