
Microsoft Visual Studio Solution File, Format Version 12.00
# Visual Studio Version 17
VisualStudioVersion = 17.3.32929.385
MinimumVisualStudioVersion = 10.0.40219.1
Project("{FAE04EC0-301F-11D3-BF4B-00C04F79EFBC}") = "ConsoleAppAMPro", "ConsoleAppAMPro\ConsoleAppAMPro.csproj", "{E9906B60-1D1E-41E3-8292-BC8414D6FB9F}"
EndProject
Project("{FAE04EC0-301F-11D3-BF4B-00C04F79EFBC}") = "ConsoleAppDemo", "ConsoleAppDemo\ConsoleAppDemo.csproj", "{09249D12-3A5A-4335-997E-E4DF5DB10EDC}"
EndProject
Project("{FAE04EC0-301F-11D3-BF4B-00C04F79EFBC}") = "ClassLibrary", "ClassLibrary\ClassLibrary.csproj", "{AD385B19-8A2A-4D6C-9B96-8CD8494601C9}"
EndProject
Global
	GlobalSection(SolutionConfigurationPlatforms) = preSolution
		Debug|Any CPU = Debug|Any CPU
		Release|Any CPU = Release|Any CPU
	EndGlobalSection
	GlobalSection(ProjectConfigurationPlatforms) = postSolution
		{E9906B60-1D1E-41E3-8292-BC8414D6FB9F}.Debug|Any CPU.ActiveCfg = Debug|Any CPU
		{E9906B60-1D1E-41E3-8292-BC8414D6FB9F}.Debug|Any CPU.Build.0 = Debug|Any CPU
		{E9906B60-1D1E-41E3-8292-BC8414D6FB9F}.Release|Any CPU.ActiveCfg = Release|Any CPU
		{E9906B60-1D1E-41E3-8292-BC8414D6FB9F}.Release|Any CPU.Build.0 = Release|Any CPU
		{09249D12-3A5A-4335-997E-E4DF5DB10EDC}.Debug|Any CPU.ActiveCfg = Debug|Any CPU
		{09249D12-3A5A-4335-997E-E4DF5DB10EDC}.Debug|Any CPU.Build.0 = Debug|Any CPU
		{09249D12-3A5A-4335-997E-E4DF5DB10EDC}.Release|Any CPU.ActiveCfg = Release|Any CPU
		{09249D12-3A5A-4335-997E-E4DF5DB10EDC}.Release|Any CPU.Build.0 = Release|Any CPU
		{AD385B19-8A2A-4D6C-9B96-8CD8494601C9}.Debug|Any CPU.ActiveCfg = Debug|Any CPU
		{AD385B19-8A2A-4D6C-9B96-8CD8494601C9}.Debug|Any CPU.Build.0 = Debug|Any CPU
		{AD385B19-8A2A-4D6C-9B96-8CD8494601C9}.Release|Any CPU.ActiveCfg = Release|Any CPU
		{AD385B19-8A2A-4D6C-9B96-8CD8494601C9}.Release|Any CPU.Build.0 = Release|Any CPU
	EndGlobalSection
	GlobalSection(SolutionProperties) = preSolution
		HideSolutionNode = FALSE
	EndGlobalSection
	GlobalSection(ExtensibilityGlobals) = postSolution
		SolutionGuid = {11D95974-E9F9-4F8A-91B7-45A078FD6540}
	EndGlobalSection
EndGlobal
